
Microsoft Visual Studio Solution File, Format Version 12.00
# Visual Studio Version 16
VisualStudioVersion = 16.0.30503.244
MinimumVisualStudioVersion = 10.0.40219.1
Project("{9A19103F-16F7-4668-BE54-9A1E7A4F7556}") = "moolah.common", "moolah.common\moolah.common.csproj", "{A18740DB-FFC5-47C0-9841-7D43F9CE8552}"
EndProject
Project("{9A19103F-16F7-4668-BE54-9A1E7A4F7556}") = "moolah.account.api", "moolah.account.api\moolah.account.api.csproj", "{31E3FE64-90DF-48DD-81A5-A35FB20B0793}"
EndProject
Project("{9A19103F-16F7-4668-BE54-9A1E7A4F7556}") = "moolah.customer.api", "moolah.customer.api\moolah.customer.api.csproj", "{3BE9E917-2A65-446A-BDE0-E3952BA42BB9}"
EndProject
Project("{9A19103F-16F7-4668-BE54-9A1E7A4F7556}") = "moolah.transaction.api", "moolah.transaction.api\moolah.transaction.api.csproj", "{84277B4E-78E8-4BC5-A47F-A30C83420653}"
EndProject
Project("{2150E333-8FDC-42A3-9474-1A3956D46DE8}") = "root", "root", "{664D159C-3676-45E4-A120-BC982E1AB72B}"
	ProjectSection(SolutionItems) = preProject
		buildspec.yml = buildspec.yml
	EndProjectSection
EndProject
Global
	GlobalSection(SolutionConfigurationPlatforms) = preSolution
		Debug|Any CPU = Debug|Any CPU
		Release|Any CPU = Release|Any CPU
	EndGlobalSection
	GlobalSection(ProjectConfigurationPlatforms) = postSolution
		{A18740DB-FFC5-47C0-9841-7D43F9CE8552}.Debug|Any CPU.ActiveCfg = Debug|Any CPU
		{A18740DB-FFC5-47C0-9841-7D43F9CE8552}.Debug|Any CPU.Build.0 = Debug|Any CPU
		{A18740DB-FFC5-47C0-9841-7D43F9CE8552}.Release|Any CPU.ActiveCfg = Release|Any CPU
		{A18740DB-FFC5-47C0-9841-7D43F9CE8552}.Release|Any CPU.Build.0 = Release|Any CPU
		{31E3FE64-90DF-48DD-81A5-A35FB20B0793}.Debug|Any CPU.ActiveCfg = Debug|Any CPU
		{31E3FE64-90DF-48DD-81A5-A35FB20B0793}.Debug|Any CPU.Build.0 = Debug|Any CPU
		{31E3FE64-90DF-48DD-81A5-A35FB20B0793}.Release|Any CPU.ActiveCfg = Release|Any CPU
		{31E3FE64-90DF-48DD-81A5-A35FB20B0793}.Release|Any CPU.Build.0 = Release|Any CPU
		{3BE9E917-2A65-446A-BDE0-E3952BA42BB9}.Debug|Any CPU.ActiveCfg = Debug|Any CPU
		{3BE9E917-2A65-446A-BDE0-E3952BA42BB9}.Debug|Any CPU.Build.0 = Debug|Any CPU
		{3BE9E917-2A65-446A-BDE0-E3952BA42BB9}.Release|Any CPU.ActiveCfg = Release|Any CPU
		{3BE9E917-2A65-446A-BDE0-E3952BA42BB9}.Release|Any CPU.Build.0 = Release|Any CPU
		{84277B4E-78E8-4BC5-A47F-A30C83420653}.Debug|Any CPU.ActiveCfg = Debug|Any CPU
		{84277B4E-78E8-4BC5-A47F-A30C83420653}.Debug|Any CPU.Build.0 = Debug|Any CPU
		{84277B4E-78E8-4BC5-A47F-A30C83420653}.Release|Any CPU.ActiveCfg = Release|Any CPU
		{84277B4E-78E8-4BC5-A47F-A30C83420653}.Release|Any CPU.Build.0 = Release|Any CPU
	EndGlobalSection
	GlobalSection(SolutionProperties) = preSolution
		HideSolutionNode = FALSE
	EndGlobalSection
	GlobalSection(ExtensibilityGlobals) = postSolution
		SolutionGuid = {E6B285C7-DB7C-4D86-B25D-FCF6C8E8DD46}
	EndGlobalSection
EndGlobal
